
Microsoft Visual Studio Solution File, Format Version 12.00
# Visual Studio Version 17
VisualStudioVersion = 17.8.34330.188
MinimumVisualStudioVersion = 10.0.40219.1
Project("{FAE04EC0-301F-11D3-BF4B-00C04F79EFBC}") = "Budget", "Budget\Budget.csproj", "{BD9B0F2F-89E7-4EBF-8DFF-CC19B69A6817}"
EndProject
Global
	GlobalSection(SolutionConfigurationPlatforms) = preSolution
		Debug|Any CPU = Debug|Any CPU
		Release|Any CPU = Release|Any CPU
	EndGlobalSection
	GlobalSection(ProjectConfigurationPlatforms) = postSolution
		{BD9B0F2F-89E7-4EBF-8DFF-CC19B69A6817}.Debug|Any CPU.ActiveCfg = Debug|Any CPU
		{BD9B0F2F-89E7-4EBF-8DFF-CC19B69A6817}.Debug|Any CPU.Build.0 = Debug|Any CPU
		{BD9B0F2F-89E7-4EBF-8DFF-CC19B69A6817}.Release|Any CPU.ActiveCfg = Release|Any CPU
		{BD9B0F2F-89E7-4EBF-8DFF-CC19B69A6817}.Release|Any CPU.Build.0 = Release|Any CPU
	EndGlobalSection
	GlobalSection(SolutionProperties) = preSolution
		HideSolutionNode = FALSE
	EndGlobalSection
	GlobalSection(ExtensibilityGlobals) = postSolution
		SolutionGuid = {784254D3-71B4-429D-8068-57B0C0F4BBE9}
	EndGlobalSection
EndGlobal
